
Microsoft Visual Studio Solution File, Format Version 12.00
# Visual Studio Version 16
VisualStudioVersion = 16.0.28803.156
MinimumVisualStudioVersion = 10.0.40219.1
Project("{FAE04EC0-301F-11D3-BF4B-00C04F79EFBC}") = "DonutShop", "WebApplication1\DonutShop.csproj", "{4FE0E497-2B47-4DF7-8256-941A0DC40F85}"
EndProject
Global
	GlobalSection(SolutionConfigurationPlatforms) = preSolution
		Debug|Any CPU = Debug|Any CPU
		Release|Any CPU = Release|Any CPU
	EndGlobalSection
	GlobalSection(ProjectConfigurationPlatforms) = postSolution
		{4FE0E497-2B47-4DF7-8256-941A0DC40F85}.Debug|Any CPU.ActiveCfg = Debug|Any CPU
		{4FE0E497-2B47-4DF7-8256-941A0DC40F85}.Debug|Any CPU.Build.0 = Debug|Any CPU
		{4FE0E497-2B47-4DF7-8256-941A0DC40F85}.Release|Any CPU.ActiveCfg = Release|Any CPU
		{4FE0E497-2B47-4DF7-8256-941A0DC40F85}.Release|Any CPU.Build.0 = Release|Any CPU
	EndGlobalSection
	GlobalSection(SolutionProperties) = preSolution
		HideSolutionNode = FALSE
	EndGlobalSection
	GlobalSection(ExtensibilityGlobals) = postSolution
		SolutionGuid = {C9EF1FC7-7D74-460E-AA69-960F681A5DDE}
	EndGlobalSection
EndGlobal
